# This file is generated by running "yarn install" inside your project.
# Manual changes might be lost - proceed with caution!

__metadata:
  version: 8
  cacheKey: 10c0

"@app/client@workspace:*, @app/client@workspace:dev/cms":
  version: 0.0.0-use.local
  resolution: "@app/client@workspace:dev/cms"
  dependencies:
    "@types/node": "npm:25.5.2"
  languageName: unknown
  linkType: soft

"@app/shared@workspace:dev/shared":
  version: 0.0.0-use.local
  resolution: "@app/shared@workspace:dev/shared"
  languageName: unknown
  linkType: soft

"@base/cms@workspace:base/cms":
  version: 0.0.0-use.local
  resolution: "@base/cms@workspace:base/cms"
  languageName: unknown
  linkType: soft

"@base/shared@workspace:base/shared":
  version: 0.0.0-use.local
  resolution: "@base/shared@workspace:base/shared"
  languageName: unknown
  linkType: soft

"@base/site@workspace:base/site":
  version: 0.0.0-use.local
  resolution: "@base/site@workspace:base/site"
  languageName: unknown
  linkType: soft

"@core/app@workspace:core/app":
  version: 0.0.0-use.local
  resolution: "@core/app@workspace:core/app"
  languageName: unknown
  linkType: soft

"@core/cli@workspace:core/cli":
  version: 0.0.0-use.local
  resolution: "@core/cli@workspace:core/cli"
  dependencies:
    bun: "npm:1.3.11"
    typescript: "npm:6.0.2"
  bin:
    core-cli: index.mjs
  languageName: unknown
  linkType: soft

"@core/lib@workspace:core/lib":
  version: 0.0.0-use.local
  resolution: "@core/lib@workspace:core/lib"
  dependencies:
    "@types/node": "npm:25.5.2"
  languageName: unknown
  linkType: soft

"@oven/bun-darwin-aarch64@npm:1.3.11":
  version: 1.3.11
  resolution: "@oven/bun-darwin-aarch64@npm:1.3.11"
  conditions: os=darwin & cpu=arm64
  languageName: node
  linkType: hard

"@oven/bun-darwin-x64-baseline@npm:1.3.11":
  version: 1.3.11
  resolution: "@oven/bun-darwin-x64-baseline@npm:1.3.11"
  conditions: os=darwin & cpu=x64
  languageName: node
  linkType: hard

"@oven/bun-darwin-x64@npm:1.3.11":
  version: 1.3.11
  resolution: "@oven/bun-darwin-x64@npm:1.3.11"
  conditions: os=darwin & cpu=x64
  languageName: node
  linkType: hard

"@oven/bun-linux-aarch64-musl@npm:1.3.11":
  version: 1.3.11
  resolution: "@oven/bun-linux-aarch64-musl@npm:1.3.11"
  conditions: os=linux & cpu=arm64
  languageName: node
  linkType: hard

"@oven/bun-linux-aarch64@npm:1.3.11":
  version: 1.3.11
  resolution: "@oven/bun-linux-aarch64@npm:1.3.11"
  conditions: os=linux & cpu=arm64
  languageName: node
  linkType: hard

"@oven/bun-linux-x64-baseline@npm:1.3.11":
  version: 1.3.11
  resolution: "@oven/bun-linux-x64-baseline@npm:1.3.11"
  conditions: os=linux & cpu=x64
  languageName: node
  linkType: hard

"@oven/bun-linux-x64-musl-baseline@npm:1.3.11":
  version: 1.3.11
  resolution: "@oven/bun-linux-x64-musl-baseline@npm:1.3.11"
  conditions: os=linux & cpu=x64
  languageName: node
  linkType: hard

"@oven/bun-linux-x64-musl@npm:1.3.11":
  version: 1.3.11
  resolution: "@oven/bun-linux-x64-musl@npm:1.3.11"
  conditions: os=linux & cpu=x64
  languageName: node
  linkType: hard

"@oven/bun-linux-x64@npm:1.3.11":
  version: 1.3.11
  resolution: "@oven/bun-linux-x64@npm:1.3.11"
  conditions: os=linux & cpu=x64
  languageName: node
  linkType: hard

"@oven/bun-windows-aarch64@npm:1.3.11":
  version: 1.3.11
  resolution: "@oven/bun-windows-aarch64@npm:1.3.11"
  conditions: os=win32 & cpu=arm64
  languageName: node
  linkType: hard

"@oven/bun-windows-x64-baseline@npm:1.3.11":
  version: 1.3.11
  resolution: "@oven/bun-windows-x64-baseline@npm:1.3.11"
  conditions: os=win32 & cpu=x64
  languageName: node
  linkType: hard

"@oven/bun-windows-x64@npm:1.3.11":
  version: 1.3.11
  resolution: "@oven/bun-windows-x64@npm:1.3.11"
  conditions: os=win32 & cpu=x64
  languageName: node
  linkType: hard

"@types/node@npm:25.5.2":
  version: 25.5.2
  resolution: "@types/node@npm:25.5.2"
  dependencies:
    undici-types: "npm:~7.18.0"
  checksum: 10c0/11e41a85401724cd1a4de6fb7bd4264ec46db10c09fc8cf8d41de4ede0a7063db458348f859ead4ec0929906aa26aaf45a5fef3aa59742ca0521cda9cee52377
  languageName: node
  linkType: hard

"bun@npm:1.3.11":
  version: 1.3.11
  resolution: "bun@npm:1.3.11"
  dependencies:
    "@oven/bun-darwin-aarch64": "npm:1.3.11"
    "@oven/bun-darwin-x64": "npm:1.3.11"
    "@oven/bun-darwin-x64-baseline": "npm:1.3.11"
    "@oven/bun-linux-aarch64": "npm:1.3.11"
    "@oven/bun-linux-aarch64-musl": "npm:1.3.11"
    "@oven/bun-linux-x64": "npm:1.3.11"
    "@oven/bun-linux-x64-baseline": "npm:1.3.11"
    "@oven/bun-linux-x64-musl": "npm:1.3.11"
    "@oven/bun-linux-x64-musl-baseline": "npm:1.3.11"
    "@oven/bun-windows-aarch64": "npm:1.3.11"
    "@oven/bun-windows-x64": "npm:1.3.11"
    "@oven/bun-windows-x64-baseline": "npm:1.3.11"
  dependenciesMeta:
    "@oven/bun-darwin-aarch64":
      optional: true
    "@oven/bun-darwin-x64":
      optional: true
    "@oven/bun-darwin-x64-baseline":
      optional: true
    "@oven/bun-linux-aarch64":
      optional: true
    "@oven/bun-linux-aarch64-musl":
      optional: true
    "@oven/bun-linux-x64":
      optional: true
    "@oven/bun-linux-x64-baseline":
      optional: true
    "@oven/bun-linux-x64-musl":
      optional: true
    "@oven/bun-linux-x64-musl-baseline":
      optional: true
    "@oven/bun-windows-aarch64":
      optional: true
    "@oven/bun-windows-x64":
      optional: true
    "@oven/bun-windows-x64-baseline":
      optional: true
  bin:
    bun: bin/bun.exe
    bunx: bin/bunx.exe
  checksum: 10c0/c82604e5e9bc97c44ee78f6f90bb36a51b02c3209c9f28b41de00474997bec57e3528a162cbafb34e6a7faa7384ed945e9bf75a9310aa318edfef4d9c6abb2da
  conditions: (os=darwin | os=linux | os=win32) & (cpu=arm64 | cpu=x64)
  languageName: node
  linkType: hard

"polyrepo-test@workspace:.":
  version: 0.0.0-use.local
  resolution: "polyrepo-test@workspace:."
  dependencies:
    "@app/client": "workspace:*"
  languageName: unknown
  linkType: soft

"typescript@npm:6.0.2":
  version: 6.0.2
  resolution: "typescript@npm:6.0.2"
  bin:
    tsc: bin/tsc
    tsserver: bin/tsserver
  checksum: 10c0/4b860b0bf87cc0fee0f66d8ef2640b5a8a8a8c74d1129adb82e389e5f97124383823c47946bef8a73ede371461143a3aa8544399d2133c7b2e4f07e81860af7f
  languageName: node
  linkType: hard

"typescript@patch:typescript@npm%3A6.0.2#optional!builtin<compat/typescript>":
  version: 6.0.2
  resolution: "typescript@patch:typescript@npm%3A6.0.2#optional!builtin<compat/typescript>::version=6.0.2&hash=5adc0c"
  bin:
    tsc: bin/tsc
    tsserver: bin/tsserver
  checksum: 10c0/4c3eccf92033332f7ec412d762d5049de77b76d78faa26468bc3ad869b3e53d0e70540bf32653e4380adf537f1d716ac0fa50839864bf9e5ee406843a2c936a4
  languageName: node
  linkType: hard

"undici-types@npm:~7.18.0":
  version: 7.18.2
  resolution: "undici-types@npm:7.18.2"
  checksum: 10c0/85a79189113a238959d7a647368e4f7c5559c3a404ebdb8fc4488145ce9426fcd82252a844a302798dfc0e37e6fb178ff481ed03bc4caf634c5757d9ef43521d
  languageName: node
  linkType: hard
